// !$*UTF8*$!
{
	archiveVersion = 1;
	classes = {
	};
	objectVersion = 56;
	objects = {

/* Begin PBXBuildFile section */
		090F239D28F8638400F8EB90 /* RequestServiceUrl.swift in Sources */ = {isa = PBXBuildFile; fileRef = 090F239C28F8638400F8EB90 /* RequestServiceUrl.swift */; };
		096AFAF628FCDEB300C9F142 /* UserModel.swift in Sources */ = {isa = PBXBuildFile; fileRef = 096AFAF528FCDEB300C9F142 /* UserModel.swift */; };
		096AFAFC28FCE7A100C9F142 /* UserDefaultKeys.swift in Sources */ = {isa = PBXBuildFile; fileRef = 096AFAFB28FCE7A100C9F142 /* UserDefaultKeys.swift */; };
		096EE3582904014E00DB82E3 /* FirebaseAnalytics in Frameworks */ = {isa = PBXBuildFile; productRef = 096EE3572904014E00DB82E3 /* FirebaseAnalytics */; };
		096EE35A2904014E00DB82E3 /* FirebaseAnalyticsOnDeviceConversion in Frameworks */ = {isa = PBXBuildFile; productRef = 096EE3592904014E00DB82E3 /* FirebaseAnalyticsOnDeviceConversion */; };
		096EE35C2904014E00DB82E3 /* FirebaseAnalyticsSwift in Frameworks */ = {isa = PBXBuildFile; productRef = 096EE35B2904014E00DB82E3 /* FirebaseAnalyticsSwift */; };
		096EE35E2904014E00DB82E3 /* FirebaseAnalyticsWithoutAdIdSupport in Frameworks */ = {isa = PBXBuildFile; productRef = 096EE35D2904014E00DB82E3 /* FirebaseAnalyticsWithoutAdIdSupport */; };
		096EE3602904014E00DB82E3 /* FirebaseAppCheck in Frameworks */ = {isa = PBXBuildFile; productRef = 096EE35F2904014E00DB82E3 /* FirebaseAppCheck */; };
		096EE3622904014E00DB82E3 /* FirebaseAppDistribution-Beta in Frameworks */ = {isa = PBXBuildFile; productRef = 096EE3612904014E00DB82E3 /* FirebaseAppDistribution-Beta */; };
		096EE3642904014E00DB82E3 /* FirebaseAuth in Frameworks */ = {isa = PBXBuildFile; productRef = 096EE3632904014E00DB82E3 /* FirebaseAuth */; };
		096EE3662904014E00DB82E3 /* FirebaseAuthCombine-Community in Frameworks */ = {isa = PBXBuildFile; productRef = 096EE3652904014E00DB82E3 /* FirebaseAuthCombine-Community */; };
		096EE3682904014E00DB82E3 /* FirebaseCrashlytics in Frameworks */ = {isa = PBXBuildFile; productRef = 096EE3672904014E00DB82E3 /* FirebaseCrashlytics */; };
		096EE36A2904014E00DB82E3 /* FirebaseDatabase in Frameworks */ = {isa = PBXBuildFile; productRef = 096EE3692904014E00DB82E3 /* FirebaseDatabase */; };
		096EE36C2904014E00DB82E3 /* FirebaseDatabaseSwift in Frameworks */ = {isa = PBXBuildFile; productRef = 096EE36B2904014E00DB82E3 /* FirebaseDatabaseSwift */; };
		096EE36E2904014E00DB82E3 /* FirebaseDynamicLinks in Frameworks */ = {isa = PBXBuildFile; productRef = 096EE36D2904014E00DB82E3 /* FirebaseDynamicLinks */; };
		096EE3702904014E00DB82E3 /* FirebaseFirestore in Frameworks */ = {isa = PBXBuildFile; productRef = 096EE36F2904014E00DB82E3 /* FirebaseFirestore */; };
		096EE3722904014E00DB82E3 /* FirebaseFirestoreCombine-Community in Frameworks */ = {isa = PBXBuildFile; productRef = 096EE3712904014E00DB82E3 /* FirebaseFirestoreCombine-Community */; };
		096EE3742904014E00DB82E3 /* FirebaseFirestoreSwift in Frameworks */ = {isa = PBXBuildFile; productRef = 096EE3732904014E00DB82E3 /* FirebaseFirestoreSwift */; };
		096EE3762904014E00DB82E3 /* FirebaseFunctions in Frameworks */ = {isa = PBXBuildFile; productRef = 096EE3752904014E00DB82E3 /* FirebaseFunctions */; };
		096EE3782904014E00DB82E3 /* FirebaseFunctionsCombine-Community in Frameworks */ = {isa = PBXBuildFile; productRef = 096EE3772904014E00DB82E3 /* FirebaseFunctionsCombine-Community */; };
		096EE37A2904014E00DB82E3 /* FirebaseInAppMessaging-Beta in Frameworks */ = {isa = PBXBuildFile; productRef = 096EE3792904014E00DB82E3 /* FirebaseInAppMessaging-Beta */; };
		096EE37C2904014E00DB82E3 /* FirebaseInAppMessagingSwift-Beta in Frameworks */ = {isa = PBXBuildFile; productRef = 096EE37B2904014E00DB82E3 /* FirebaseInAppMessagingSwift-Beta */; };
		096EE37E2904014E00DB82E3 /* FirebaseInstallations in Frameworks */ = {isa = PBXBuildFile; productRef = 096EE37D2904014E00DB82E3 /* FirebaseInstallations */; };
		096EE3802904014E00DB82E3 /* FirebaseMLModelDownloader in Frameworks */ = {isa = PBXBuildFile; productRef = 096EE37F2904014E00DB82E3 /* FirebaseMLModelDownloader */; };
		096EE3822904014E00DB82E3 /* FirebaseMessaging in Frameworks */ = {isa = PBXBuildFile; productRef = 096EE3812904014E00DB82E3 /* FirebaseMessaging */; };
		096EE3842904014E00DB82E3 /* FirebasePerformance in Frameworks */ = {isa = PBXBuildFile; productRef = 096EE3832904014E00DB82E3 /* FirebasePerformance */; };
		096EE3862904014E00DB82E3 /* FirebaseRemoteConfig in Frameworks */ = {isa = PBXBuildFile; productRef = 096EE3852904014E00DB82E3 /* FirebaseRemoteConfig */; };
		096EE3882904014E00DB82E3 /* FirebaseRemoteConfigSwift in Frameworks */ = {isa = PBXBuildFile; productRef = 096EE3872904014E00DB82E3 /* FirebaseRemoteConfigSwift */; };
		096EE38A2904014E00DB82E3 /* FirebaseStorage in Frameworks */ = {isa = PBXBuildFile; productRef = 096EE3892904014E00DB82E3 /* FirebaseStorage */; };
		096EE38C2904014E00DB82E3 /* FirebaseStorageCombine-Community in Frameworks */ = {isa = PBXBuildFile; productRef = 096EE38B2904014E00DB82E3 /* FirebaseStorageCombine-Community */; };
		098A965228F30D2F0008CB2D /* ProductionConfig.xcconfig in Resources */ = {isa = PBXBuildFile; fileRef = 098A965128F30D2F0008CB2D /* ProductionConfig.xcconfig */; };
		098A965428F30D550008CB2D /* DevelopConfig.xcconfig in Resources */ = {isa = PBXBuildFile; fileRef = 098A965328F30D550008CB2D /* DevelopConfig.xcconfig */; };
		098A965628F30D920008CB2D /* QAConfig.xcconfig in Resources */ = {isa = PBXBuildFile; fileRef = 098A965528F30D920008CB2D /* QAConfig.xcconfig */; };
		098A965A28F312830008CB2D /* ConfigEnviroments.swift in Sources */ = {isa = PBXBuildFile; fileRef = 098A965928F312830008CB2D /* ConfigEnviroments.swift */; };
		09933FC6290195E5006E9942 /* ElementListDetailSB.storyboard in Resources */ = {isa = PBXBuildFile; fileRef = 09933FC5290195E5006E9942 /* ElementListDetailSB.storyboard */; };
		09933FC82901964B006E9942 /* ListDetailVC.swift in Sources */ = {isa = PBXBuildFile; fileRef = 09933FC72901964B006E9942 /* ListDetailVC.swift */; };
		0994934C28F32AB2005227A7 /* GoogleService-Info.plist in Resources */ = {isa = PBXBuildFile; fileRef = 0994934B28F32AB2005227A7 /* GoogleService-Info.plist */; };
		0994934F28F32C58005227A7 /* GoogleService-QA-Info.plist in Resources */ = {isa = PBXBuildFile; fileRef = 0994934D28F32C58005227A7 /* GoogleService-QA-Info.plist */; };
		0994935028F32C58005227A7 /* GoogleService-Dev-Info.plist in Resources */ = {isa = PBXBuildFile; fileRef = 0994934E28F32C58005227A7 /* GoogleService-Dev-Info.plist */; };
		09B404E32902D60A005E8572 /* DetailElementModel.swift in Sources */ = {isa = PBXBuildFile; fileRef = 09B404E22902D60A005E8572 /* DetailElementModel.swift */; };
		09B404E52902D8B9005E8572 /* ResultDetailModel.swift in Sources */ = {isa = PBXBuildFile; fileRef = 09B404E42902D8B9005E8572 /* ResultDetailModel.swift */; };
		09B404E82902DB28005E8572 /* DetailsViewModels.swift in Sources */ = {isa = PBXBuildFile; fileRef = 09B404E72902DB28005E8572 /* DetailsViewModels.swift */; };
		09B9F01728FE4699002FCD17 /* RegisterViewModel.swift in Sources */ = {isa = PBXBuildFile; fileRef = 09B9F01628FE4699002FCD17 /* RegisterViewModel.swift */; };
		09BC0F6528F8A83F00C425DE /* TopElementsModels.swift in Sources */ = {isa = PBXBuildFile; fileRef = 09BC0F6428F8A83F00C425DE /* TopElementsModels.swift */; };
		09BC0F6728F8AA4100C425DE /* BotomElementModel.swift in Sources */ = {isa = PBXBuildFile; fileRef = 09BC0F6628F8AA4000C425DE /* BotomElementModel.swift */; };
		09BC0F6928F8AB6200C425DE /* ResultBotomModel.swift in Sources */ = {isa = PBXBuildFile; fileRef = 09BC0F6828F8AB6200C425DE /* ResultBotomModel.swift */; };
		09BC0F6B28F8AC2600C425DE /* ResultTopModel.swift in Sources */ = {isa = PBXBuildFile; fileRef = 09BC0F6A28F8AC2600C425DE /* ResultTopModel.swift */; };
		09BC0F6D28F8AD7400C425DE /* TopElementViewModel.swift in Sources */ = {isa = PBXBuildFile; fileRef = 09BC0F6C28F8AD7400C425DE /* TopElementViewModel.swift */; };
		09BC0F6F28F8ADA200C425DE /* BottomElementViewModel.swift in Sources */ = {isa = PBXBuildFile; fileRef = 09BC0F6E28F8ADA200C425DE /* BottomElementViewModel.swift */; };
		09BE2DAF2901DDC800960550 /* DetailElementVC.swift in Sources */ = {isa = PBXBuildFile; fileRef = 09BE2DAE2901DDC800960550 /* DetailElementVC.swift */; };
		09BF6F5928F866670042960F /* DebugManager.swift in Sources */ = {isa = PBXBuildFile; fileRef = 09BF6F5828F866670042960F /* DebugManager.swift */; };
		09D1B8CC28F70A4100F3D20D /* DisplayableProtocol.swift in Sources */ = {isa = PBXBuildFile; fileRef = 09D1B8CB28F70A4100F3D20D /* DisplayableProtocol.swift */; };
		09D1B8D128F70FB100F3D20D /* ResultModel.swift in Sources */ = {isa = PBXBuildFile; fileRef = 09D1B8D028F70FB100F3D20D /* ResultModel.swift */; };
		09D1B8D328F71B9700F3D20D /* AllResultModel.swift in Sources */ = {isa = PBXBuildFile; fileRef = 09D1B8D228F71B9700F3D20D /* AllResultModel.swift */; };
		09D339A528F87D28000092D2 /* EndPoitModel.swift in Sources */ = {isa = PBXBuildFile; fileRef = 09D339A428F87D28000092D2 /* EndPoitModel.swift */; };
		09DBDF0D28F3992600756617 /* Localizable.strings in Resources */ = {isa = PBXBuildFile; fileRef = 09DBDF0F28F3992600756617 /* Localizable.strings */; };
		09DBDF5028F4BC5E00756617 /* LanguageManagement.swift in Sources */ = {isa = PBXBuildFile; fileRef = 09DBDF4F28F4BC5E00756617 /* LanguageManagement.swift */; };
		09DBDF5728F4C33A00756617 /* UserManagementProtocol.swift in Sources */ = {isa = PBXBuildFile; fileRef = 09DBDF5628F4C33A00756617 /* UserManagementProtocol.swift */; };
		09DBDF5928F4C38D00756617 /* UserManagement.swift in Sources */ = {isa = PBXBuildFile; fileRef = 09DBDF5828F4C38D00756617 /* UserManagement.swift */; };
		09DBDF5D28F4CC2000756617 /* HomeVC.swift in Sources */ = {isa = PBXBuildFile; fileRef = 09DBDF5C28F4CC2000756617 /* HomeVC.swift */; };
		09DBDF5F28F4CC7500756617 /* HomeSB.storyboard in Resources */ = {isa = PBXBuildFile; fileRef = 09DBDF5E28F4CC7500756617 /* HomeSB.storyboard */; };
		09E4688328FB345500BEBAC3 /* AuthVC.swift in Sources */ = {isa = PBXBuildFile; fileRef = 09E4688228FB345500BEBAC3 /* AuthVC.swift */; };
		09EBE63828F81EDB00911A70 /* HomeViewModel.swift in Sources */ = {isa = PBXBuildFile; fileRef = 09EBE63728F81EDB00911A70 /* HomeViewModel.swift */; };
		09EBE63A28F82BE400911A70 /* fecthDataProtocol.swift in Sources */ = {isa = PBXBuildFile; fileRef = 09EBE63928F82BE400911A70 /* fecthDataProtocol.swift */; };
		09F96B7C28FC2AE0009562C4 /* LoginVC.swift in Sources */ = {isa = PBXBuildFile; fileRef = 09F96B7B28FC2AE0009562C4 /* LoginVC.swift */; };
		09FCC68628F6205F00E0BFBF /* MainElementCVViewCell.swift in Sources */ = {isa = PBXBuildFile; fileRef = 09FCC68428F6205F00E0BFBF /* MainElementCVViewCell.swift */; };
		09FCC68728F6206000E0BFBF /* MainElementCVViewCell.xib in Resources */ = {isa = PBXBuildFile; fileRef = 09FCC68528F6205F00E0BFBF /* MainElementCVViewCell.xib */; };
		09FCC68D28F6212100E0BFBF /* SingleElementTVCell.swift in Sources */ = {isa = PBXBuildFile; fileRef = 09FCC68B28F6212100E0BFBF /* SingleElementTVCell.swift */; };
		09FCC68E28F6212100E0BFBF /* SingleElementTVCell.xib in Resources */ = {isa = PBXBuildFile; fileRef = 09FCC68C28F6212100E0BFBF /* SingleElementTVCell.xib */; };
		09FDACC728F2F5E40011E6A3 /* AppDelegate.swift in Sources */ = {isa = PBXBuildFile; fileRef = 09FDACC628F2F5E40011E6A3 /* AppDelegate.swift */; };
		09FDACC928F2F5E40011E6A3 /* SceneDelegate.swift in Sources */ = {isa = PBXBuildFile; fileRef = 09FDACC828F2F5E40011E6A3 /* SceneDelegate.swift */; };
		09FDACCB28F2F5E40011E6A3 /* ViewController.swift in Sources */ = {isa = PBXBuildFile; fileRef = 09FDACCA28F2F5E40011E6A3 /* ViewController.swift */; };
		09FDACCE28F2F5E40011E6A3 /* Main.storyboard in Resources */ = {isa = PBXBuildFile; fileRef = 09FDACCC28F2F5E40011E6A3 /* Main.storyboard */; };
		09FDACD128F2F5E40011E6A3 /* MyApp.xcdatamodeld in Sources */ = {isa = PBXBuildFile; fileRef = 09FDACCF28F2F5E40011E6A3 /* MyApp.xcdatamodeld */; };
		09FDACD328F2F5EB0011E6A3 /* Assets.xcassets in Resources */ = {isa = PBXBuildFile; fileRef = 09FDACD228F2F5EB0011E6A3 /* Assets.xcassets */; };
		09FDACD628F2F5EB0011E6A3 /* LaunchScreen.storyboard in Resources */ = {isa = PBXBuildFile; fileRef = 09FDACD428F2F5EB0011E6A3 /* LaunchScreen.storyboard */; };
		09FFFE2328FC8AFD007A701C /* LoginViewModel.swift in Sources */ = {isa = PBXBuildFile; fileRef = 09FFFE2228FC8AFD007A701C /* LoginViewModel.swift */; };
		09FFFE2B28FC954D007A701C /* AlertMessengeHelperVC.swift in Sources */ = {isa = PBXBuildFile; fileRef = 09FFFE2928FC954D007A701C /* AlertMessengeHelperVC.swift */; };
		09FFFE2C28FC954D007A701C /* AlertMessengeHelperVC.xib in Resources */ = {isa = PBXBuildFile; fileRef = 09FFFE2A28FC954D007A701C /* AlertMessengeHelperVC.xib */; };
		F4356958ECEDA1B941666C3A /* Pods_MyApp.framework in Frameworks */ = {isa = PBXBuildFile; fileRef = 81EC197C9402C4A0B632F955 /* Pods_MyApp.framework */; };
/* End PBXBuildFile section */

/* Begin PBXFileReference section */
		090F239C28F8638400F8EB90 /* RequestServiceUrl.swift */ = {isa = PBXFileReference; lastKnownFileType = sourcecode.swift; path = RequestServiceUrl.swift; sourceTree = "<group>"; };
		094DB6E928F320F7002EB276 /* es-419 */ = {isa = PBXFileReference; lastKnownFileType = text.plist.strings; name = "es-419"; path = "es-419.lproj/Main.strings"; sourceTree = "<group>"; };
		094DB6EA28F320F9002EB276 /* es-419 */ = {isa = PBXFileReference; lastKnownFileType = text.plist.strings; name = "es-419"; path = "es-419.lproj/LaunchScreen.strings"; sourceTree = "<group>"; };
		096AFAF528FCDEB300C9F142 /* UserModel.swift */ = {isa = PBXFileReference; lastKnownFileType = sourcecode.swift; path = UserModel.swift; sourceTree = "<group>"; };
		096AFAFB28FCE7A100C9F142 /* UserDefaultKeys.swift */ = {isa = PBXFileReference; lastKnownFileType = sourcecode.swift; path = UserDefaultKeys.swift; sourceTree = "<group>"; };
		098A965128F30D2F0008CB2D /* ProductionConfig.xcconfig */ = {isa = PBXFileReference; lastKnownFileType = text.xcconfig; path = ProductionConfig.xcconfig; sourceTree = "<group>"; };
		098A965328F30D550008CB2D /* DevelopConfig.xcconfig */ = {isa = PBXFileReference; lastKnownFileType = text.xcconfig; path = DevelopConfig.xcconfig; sourceTree = "<group>"; };
		098A965528F30D920008CB2D /* QAConfig.xcconfig */ = {isa = PBXFileReference; lastKnownFileType = text.xcconfig; path = QAConfig.xcconfig; sourceTree = "<group>"; };
		098A965928F312830008CB2D /* ConfigEnviroments.swift */ = {isa = PBXFileReference; lastKnownFileType = sourcecode.swift; path = ConfigEnviroments.swift; sourceTree = "<group>"; };
		09933FC5290195E5006E9942 /* ElementListDetailSB.storyboard */ = {isa = PBXFileReference; lastKnownFileType = file.storyboard; path = ElementListDetailSB.storyboard; sourceTree = "<group>"; };
		09933FC72901964B006E9942 /* ListDetailVC.swift */ = {isa = PBXFileReference; lastKnownFileType = sourcecode.swift; path = ListDetailVC.swift; sourceTree = "<group>"; };
		0994934428F32167005227A7 /* en */ = {isa = PBXFileReference; lastKnownFileType = text.plist.strings; name = en; path = en.lproj/LaunchScreen.strings; sourceTree = "<group>"; };
		0994934628F3219F005227A7 /* en */ = {isa = PBXFileReference; lastKnownFileType = text.plist.strings; name = en; path = en.lproj/Main.strings; sourceTree = "<group>"; };
		0994934B28F32AB2005227A7 /* GoogleService-Info.plist */ = {isa = PBXFileReference; fileEncoding = 4; lastKnownFileType = text.plist.xml; path = "GoogleService-Info.plist"; sourceTree = "<group>"; };
		0994934D28F32C58005227A7 /* GoogleService-QA-Info.plist */ = {isa = PBXFileReference; fileEncoding = 4; lastKnownFileType = text.plist.xml; path = "GoogleService-QA-Info.plist"; sourceTree = "<group>"; };
		0994934E28F32C58005227A7 /* GoogleService-Dev-Info.plist */ = {isa = PBXFileReference; fileEncoding = 4; lastKnownFileType = text.plist.xml; path = "GoogleService-Dev-Info.plist"; sourceTree = "<group>"; };
		09B404E22902D60A005E8572 /* DetailElementModel.swift */ = {isa = PBXFileReference; lastKnownFileType = sourcecode.swift; path = DetailElementModel.swift; sourceTree = "<group>"; };
		09B404E42902D8B9005E8572 /* ResultDetailModel.swift */ = {isa = PBXFileReference; lastKnownFileType = sourcecode.swift; path = ResultDetailModel.swift; sourceTree = "<group>"; };
		09B404E72902DB28005E8572 /* DetailsViewModels.swift */ = {isa = PBXFileReference; lastKnownFileType = sourcecode.swift; path = DetailsViewModels.swift; sourceTree = "<group>"; };
		09B9F01628FE4699002FCD17 /* RegisterViewModel.swift */ = {isa = PBXFileReference; lastKnownFileType = sourcecode.swift; path = RegisterViewModel.swift; sourceTree = "<group>"; };
		09BC0F6428F8A83F00C425DE /* TopElementsModels.swift */ = {isa = PBXFileReference; lastKnownFileType = sourcecode.swift; path = TopElementsModels.swift; sourceTree = "<group>"; };
		09BC0F6628F8AA4000C425DE /* BotomElementModel.swift */ = {isa = PBXFileReference; lastKnownFileType = sourcecode.swift; path = BotomElementModel.swift; sourceTree = "<group>"; };
		09BC0F6828F8AB6200C425DE /* ResultBotomModel.swift */ = {isa = PBXFileReference; lastKnownFileType = sourcecode.swift; path = ResultBotomModel.swift; sourceTree = "<group>"; };
		09BC0F6A28F8AC2600C425DE /* ResultTopModel.swift */ = {isa = PBXFileReference; lastKnownFileType = sourcecode.swift; path = ResultTopModel.swift; sourceTree = "<group>"; };
		09BC0F6C28F8AD7400C425DE /* TopElementViewModel.swift */ = {isa = PBXFileReference; lastKnownFileType = sourcecode.swift; path = TopElementViewModel.swift; sourceTree = "<group>"; };
		09BC0F6E28F8ADA200C425DE /* BottomElementViewModel.swift */ = {isa = PBXFileReference; lastKnownFileType = sourcecode.swift; path = BottomElementViewModel.swift; sourceTree = "<group>"; };
		09BE2DAE2901DDC800960550 /* DetailElementVC.swift */ = {isa = PBXFileReference; lastKnownFileType = sourcecode.swift; path = DetailElementVC.swift; sourceTree = "<group>"; };
		09BF6F5828F866670042960F /* DebugManager.swift */ = {isa = PBXFileReference; lastKnownFileType = sourcecode.swift; path = DebugManager.swift; sourceTree = "<group>"; };
		09D1B8CB28F70A4100F3D20D /* DisplayableProtocol.swift */ = {isa = PBXFileReference; lastKnownFileType = sourcecode.swift; path = DisplayableProtocol.swift; sourceTree = "<group>"; };
		09D1B8D028F70FB100F3D20D /* ResultModel.swift */ = {isa = PBXFileReference; lastKnownFileType = sourcecode.swift; path = ResultModel.swift; sourceTree = "<group>"; };
		09D1B8D228F71B9700F3D20D /* AllResultModel.swift */ = {isa = PBXFileReference; lastKnownFileType = sourcecode.swift; path = AllResultModel.swift; sourceTree = "<group>"; };
		09D339A428F87D28000092D2 /* EndPoitModel.swift */ = {isa = PBXFileReference; lastKnownFileType = sourcecode.swift; path = EndPoitModel.swift; sourceTree = "<group>"; };
		09DBDF0E28F3992600756617 /* es-419 */ = {isa = PBXFileReference; lastKnownFileType = text.plist.strings; name = "es-419"; path = "es-419.lproj/Localizable.strings"; sourceTree = "<group>"; };
		09DBDF1028F3996100756617 /* en */ = {isa = PBXFileReference; lastKnownFileType = text.plist.strings; name = en; path = en.lproj/Localizable.strings; sourceTree = "<group>"; };
		09DBDF4F28F4BC5E00756617 /* LanguageManagement.swift */ = {isa = PBXFileReference; lastKnownFileType = sourcecode.swift; path = LanguageManagement.swift; sourceTree = "<group>"; };
		09DBDF5628F4C33A00756617 /* UserManagementProtocol.swift */ = {isa = PBXFileReference; lastKnownFileType = sourcecode.swift; path = UserManagementProtocol.swift; sourceTree = "<group>"; };
		09DBDF5828F4C38D00756617 /* UserManagement.swift */ = {isa = PBXFileReference; lastKnownFileType = sourcecode.swift; path = UserManagement.swift; sourceTree = "<group>"; };
		09DBDF5C28F4CC2000756617 /* HomeVC.swift */ = {isa = PBXFileReference; lastKnownFileType = sourcecode.swift; path = HomeVC.swift; sourceTree = "<group>"; };
		09DBDF5E28F4CC7500756617 /* HomeSB.storyboard */ = {isa = PBXFileReference; lastKnownFileType = file.storyboard; path = HomeSB.storyboard; sourceTree = "<group>"; };
		09E4688228FB345500BEBAC3 /* AuthVC.swift */ = {isa = PBXFileReference; lastKnownFileType = sourcecode.swift; path = AuthVC.swift; sourceTree = "<group>"; };
		09EBE63728F81EDB00911A70 /* HomeViewModel.swift */ = {isa = PBXFileReference; lastKnownFileType = sourcecode.swift; path = HomeViewModel.swift; sourceTree = "<group>"; };
		09EBE63928F82BE400911A70 /* fecthDataProtocol.swift */ = {isa = PBXFileReference; lastKnownFileType = sourcecode.swift; path = fecthDataProtocol.swift; sourceTree = "<group>"; };
		09EEB9E6290383B10041B57D /* firebase-ios-sdk */ = {isa = PBXFileReference; lastKnownFileType = wrapper; name = "firebase-ios-sdk"; path = "../../iOS_SDK/firebase-ios-sdk"; sourceTree = "<group>"; };
		09F96B7B28FC2AE0009562C4 /* LoginVC.swift */ = {isa = PBXFileReference; lastKnownFileType = sourcecode.swift; path = LoginVC.swift; sourceTree = "<group>"; };
		09FCC68428F6205F00E0BFBF /* MainElementCVViewCell.swift */ = {isa = PBXFileReference; lastKnownFileType = sourcecode.swift; path = MainElementCVViewCell.swift; sourceTree = "<group>"; };
		09FCC68528F6205F00E0BFBF /* MainElementCVViewCell.xib */ = {isa = PBXFileReference; lastKnownFileType = file.xib; path = MainElementCVViewCell.xib; sourceTree = "<group>"; };
		09FCC68B28F6212100E0BFBF /* SingleElementTVCell.swift */ = {isa = PBXFileReference; lastKnownFileType = sourcecode.swift; path = SingleElementTVCell.swift; sourceTree = "<group>"; };
		09FCC68C28F6212100E0BFBF /* SingleElementTVCell.xib */ = {isa = PBXFileReference; lastKnownFileType = file.xib; path = SingleElementTVCell.xib; sourceTree = "<group>"; };
		09FDACC328F2F5E40011E6A3 /* MyApp.app */ = {isa = PBXFileReference; explicitFileType = wrapper.application; includeInIndex = 0; path = MyApp.app; sourceTree = BUILT_PRODUCTS_DIR; };
		09FDACC628F2F5E40011E6A3 /* AppDelegate.swift */ = {isa = PBXFileReference; lastKnownFileType = sourcecode.swift; path = AppDelegate.swift; sourceTree = "<group>"; };
		09FDACC828F2F5E40011E6A3 /* SceneDelegate.swift */ = {isa = PBXFileReference; lastKnownFileType = sourcecode.swift; path = SceneDelegate.swift; sourceTree = "<group>"; };
		09FDACCA28F2F5E40011E6A3 /* ViewController.swift */ = {isa = PBXFileReference; lastKnownFileType = sourcecode.swift; path = ViewController.swift; sourceTree = "<group>"; };
		09FDACCD28F2F5E40011E6A3 /* Base */ = {isa = PBXFileReference; lastKnownFileType = file.storyboard; name = Base; path = Base.lproj/Main.storyboard; sourceTree = "<group>"; };
		09FDACD028F2F5E40011E6A3 /* MyApp.xcdatamodel */ = {isa = PBXFileReference; lastKnownFileType = wrapper.xcdatamodel; path = MyApp.xcdatamodel; sourceTree = "<group>"; };
		09FDACD228F2F5EB0011E6A3 /* Assets.xcassets */ = {isa = PBXFileReference; lastKnownFileType = folder.assetcatalog; path = Assets.xcassets; sourceTree = "<group>"; };
		09FDACD528F2F5EB0011E6A3 /* Base */ = {isa = PBXFileReference; lastKnownFileType = file.storyboard; name = Base; path = Base.lproj/LaunchScreen.storyboard; sourceTree = "<group>"; };
		09FDACD728F2F5EB0011E6A3 /* Info.plist */ = {isa = PBXFileReference; lastKnownFileType = text.plist.xml; path = Info.plist; sourceTree = "<group>"; };
		09FFFE2228FC8AFD007A701C /* LoginViewModel.swift */ = {isa = PBXFileReference; lastKnownFileType = sourcecode.swift; path = LoginViewModel.swift; sourceTree = "<group>"; };
		09FFFE2928FC954D007A701C /* AlertMessengeHelperVC.swift */ = {isa = PBXFileReference; lastKnownFileType = sourcecode.swift; path = AlertMessengeHelperVC.swift; sourceTree = "<group>"; };
		09FFFE2A28FC954D007A701C /* AlertMessengeHelperVC.xib */ = {isa = PBXFileReference; lastKnownFileType = file.xib; path = AlertMessengeHelperVC.xib; sourceTree = "<group>"; };
		6B6A53D2AF174E905AD7680C /* Pods-MyApp.production.xcconfig */ = {isa = PBXFileReference; includeInIndex = 1; lastKnownFileType = text.xcconfig; name = "Pods-MyApp.production.xcconfig"; path = "Target Support Files/Pods-MyApp/Pods-MyApp.production.xcconfig"; sourceTree = "<group>"; };
		81EC197C9402C4A0B632F955 /* Pods_MyApp.framework */ = {isa = PBXFileReference; explicitFileType = wrapper.framework; includeInIndex = 0; path = Pods_MyApp.framework; sourceTree = BUILT_PRODUCTS_DIR; };
		9FC0B03FCFAC4BBFBE1A8159 /* Pods-MyApp.qa.xcconfig */ = {isa = PBXFileReference; includeInIndex = 1; lastKnownFileType = text.xcconfig; name = "Pods-MyApp.qa.xcconfig"; path = "Target Support Files/Pods-MyApp/Pods-MyApp.qa.xcconfig"; sourceTree = "<group>"; };
		AD0BB4371B74EC24A6DD56B9 /* Pods-MyApp.develop.xcconfig */ = {isa = PBXFileReference; includeInIndex = 1; lastKnownFileType = text.xcconfig; name = "Pods-MyApp.develop.xcconfig"; path = "Target Support Files/Pods-MyApp/Pods-MyApp.develop.xcconfig"; sourceTree = "<group>"; };
		B8EF7F688F703F9DC9191191 /* Pods-MyApp.release.xcconfig */ = {isa = PBXFileReference; includeInIndex = 1; lastKnownFileType = text.xcconfig; name = "Pods-MyApp.release.xcconfig"; path = "Target Support Files/Pods-MyApp/Pods-MyApp.release.xcconfig"; sourceTree = "<group>"; };
		C2E347C33475E2DBAA090EF5 /* Pods-MyApp.debug.xcconfig */ = {isa = PBXFileReference; includeInIndex = 1; lastKnownFileType = text.xcconfig; name = "Pods-MyApp.debug.xcconfig"; path = "Target Support Files/Pods-MyApp/Pods-MyApp.debug.xcconfig"; sourceTree = "<group>"; };
/* End PBXFileReference section */

/* Begin PBXFrameworksBuildPhase section */
		09FDACC028F2F5E40011E6A3 /* Frameworks */ = {
			isa = PBXFrameworksBuildPhase;
			buildActionMask = 2147483647;
			files = (
				096EE3762904014E00DB82E3 /* FirebaseFunctions in Frameworks */,
				096EE36C2904014E00DB82E3 /* FirebaseDatabaseSwift in Frameworks */,
				096EE37C2904014E00DB82E3 /* FirebaseInAppMessagingSwift-Beta in Frameworks */,
				096EE3822904014E00DB82E3 /* FirebaseMessaging in Frameworks */,
				096EE3622904014E00DB82E3 /* FirebaseAppDistribution-Beta in Frameworks */,
				096EE3662904014E00DB82E3 /* FirebaseAuthCombine-Community in Frameworks */,
				096EE3722904014E00DB82E3 /* FirebaseFirestoreCombine-Community in Frameworks */,
				096EE35C2904014E00DB82E3 /* FirebaseAnalyticsSwift in Frameworks */,
				096EE3802904014E00DB82E3 /* FirebaseMLModelDownloader in Frameworks */,
				096EE35E2904014E00DB82E3 /* FirebaseAnalyticsWithoutAdIdSupport in Frameworks */,
				096EE3582904014E00DB82E3 /* FirebaseAnalytics in Frameworks */,
				096EE3742904014E00DB82E3 /* FirebaseFirestoreSwift in Frameworks */,
				096EE35A2904014E00DB82E3 /* FirebaseAnalyticsOnDeviceConversion in Frameworks */,
				096EE3602904014E00DB82E3 /* FirebaseAppCheck in Frameworks */,
				096EE3842904014E00DB82E3 /* FirebasePerformance in Frameworks */,
				096EE37A2904014E00DB82E3 /* FirebaseInAppMessaging-Beta in Frameworks */,
				096EE3782904014E00DB82E3 /* FirebaseFunctionsCombine-Community in Frameworks */,
				096EE3682904014E00DB82E3 /* FirebaseCrashlytics in Frameworks */,
				096EE37E2904014E00DB82E3 /* FirebaseInstallations in Frameworks */,
				096EE3862904014E00DB82E3 /* FirebaseRemoteConfig in Frameworks */,
				096EE38A2904014E00DB82E3 /* FirebaseStorage in Frameworks */,
				096EE36A2904014E00DB82E3 /* FirebaseDatabase in Frameworks */,
				096EE38C2904014E00DB82E3 /* FirebaseStorageCombine-Community in Frameworks */,
				F4356958ECEDA1B941666C3A /* Pods_MyApp.framework in Frameworks */,
				096EE3642904014E00DB82E3 /* FirebaseAuth in Frameworks */,
				096EE36E2904014E00DB82E3 /* FirebaseDynamicLinks in Frameworks */,
				096EE3702904014E00DB82E3 /* FirebaseFirestore in Frameworks */,
				096EE3882904014E00DB82E3 /* FirebaseRemoteConfigSwift in Frameworks */,
			);
			runOnlyForDeploymentPostprocessing = 0;
		};
/* End PBXFrameworksBuildPhase section */

/* Begin PBXGroup section */
		04F4F6A07F4F3C64B06415E1 /* Pods */ = {
			isa = PBXGroup;
			children = (
				C2E347C33475E2DBAA090EF5 /* Pods-MyApp.debug.xcconfig */,
				AD0BB4371B74EC24A6DD56B9 /* Pods-MyApp.develop.xcconfig */,
				B8EF7F688F703F9DC9191191 /* Pods-MyApp.release.xcconfig */,
				6B6A53D2AF174E905AD7680C /* Pods-MyApp.production.xcconfig */,
				9FC0B03FCFAC4BBFBE1A8159 /* Pods-MyApp.qa.xcconfig */,
			);
			path = Pods;
			sourceTree = "<group>";
		};
		090F239B28F8630100F8EB90 /* Request */ = {
			isa = PBXGroup;
			children = (
				090F239C28F8638400F8EB90 /* RequestServiceUrl.swift */,
			);
			path = Request;
			sourceTree = "<group>";
		};
		096AFAF728FCDEEE00C9F142 /* HomeModels */ = {
			isa = PBXGroup;
			children = (
				09BC0F6628F8AA4000C425DE /* BotomElementModel.swift */,
				09BC0F6428F8A83F00C425DE /* TopElementsModels.swift */,
			);
			path = HomeModels;
			sourceTree = "<group>";
		};
		096AFAF928FCDF1900C9F142 /* ResultsModels */ = {
			isa = PBXGroup;
			children = (
				09D1B8D028F70FB100F3D20D /* ResultModel.swift */,
				09BC0F6828F8AB6200C425DE /* ResultBotomModel.swift */,
				09BC0F6A28F8AC2600C425DE /* ResultTopModel.swift */,
			);
			path = ResultsModels;
			sourceTree = "<group>";
		};
		096AFAFA28FCDF2F00C9F142 /* UserModels */ = {
			isa = PBXGroup;
			children = (
				096AFAF528FCDEB300C9F142 /* UserModel.swift */,
				096AFAFB28FCE7A100C9F142 /* UserDefaultKeys.swift */,
			);
			path = UserModels;
			sourceTree = "<group>";
		};
		096AFAFD28FCEBBB00C9F142 /* ViewModelsProtocols */ = {
			isa = PBXGroup;
			children = (
			);
			path = ViewModelsProtocols;
			sourceTree = "<group>";
		};
		09933FC4290194FE006E9942 /* ElemetsListDetail */ = {
			isa = PBXGroup;
			children = (
				09933FC5290195E5006E9942 /* ElementListDetailSB.storyboard */,
				09933FC72901964B006E9942 /* ListDetailVC.swift */,
				09BE2DAE2901DDC800960550 /* DetailElementVC.swift */,
			);
			path = ElemetsListDetail;
			sourceTree = "<group>";
		};
		0994934728F32260005227A7 /* ViewModels */ = {
			isa = PBXGroup;
			children = (
				09B404E62902DAF2005E8572 /* DetailsViewModels */,
				096AFAFD28FCEBBB00C9F142 /* ViewModelsProtocols */,
				09FFFE2128FC8AC7007A701C /* AuthViewModels */,
				09E4687A28FB303900BEBAC3 /* HomeViewModels */,
				09EBE63928F82BE400911A70 /* fecthDataProtocol.swift */,
			);
			path = ViewModels;
			sourceTree = "<group>";
		};
		0994934828F3226D005227A7 /* Models */ = {
			isa = PBXGroup;
			children = (
				09B404E12902D509005E8572 /* DetailModels */,
				096AFAF928FCDF1900C9F142 /* ResultsModels */,
				09D1B8D228F71B9700F3D20D /* AllResultModel.swift */,
				096AFAF728FCDEEE00C9F142 /* HomeModels */,
				096AFAFA28FCDF2F00C9F142 /* UserModels */,
			);
			path = Models;
			sourceTree = "<group>";
		};
		0994934928F32291005227A7 /* Views */ = {
			isa = PBXGroup;
			children = (
				09933FC4290194FE006E9942 /* ElemetsListDetail */,
				09E4687D28FB33A000BEBAC3 /* Auth */,
				09FCC68328F6201100E0BFBF /* CustomCells */,
				09E4687C28FB328700BEBAC3 /* HomeView */,
			);
			path = Views;
			sourceTree = "<group>";
		};
		0994934A28F32A74005227A7 /* FireBaseFileConfig */ = {
			isa = PBXGroup;
			children = (
				0994934B28F32AB2005227A7 /* GoogleService-Info.plist */,
				0994934E28F32C58005227A7 /* GoogleService-Dev-Info.plist */,
				0994934D28F32C58005227A7 /* GoogleService-QA-Info.plist */,
			);
			path = FireBaseFileConfig;
			sourceTree = "<group>";
		};
		09B404E12902D509005E8572 /* DetailModels */ = {
			isa = PBXGroup;
			children = (
				09B404E22902D60A005E8572 /* DetailElementModel.swift */,
				09B404E42902D8B9005E8572 /* ResultDetailModel.swift */,
			);
			path = DetailModels;
			sourceTree = "<group>";
		};
		09B404E62902DAF2005E8572 /* DetailsViewModels */ = {
			isa = PBXGroup;
			children = (
				09B404E72902DB28005E8572 /* DetailsViewModels.swift */,
			);
			path = DetailsViewModels;
			sourceTree = "<group>";
		};
		09DBDF1128F3BB1200756617 /* Packages */ = {
			isa = PBXGroup;
			children = (
				09EEB9E6290383B10041B57D /* firebase-ios-sdk */,
			);
			name = Packages;
			sourceTree = "<group>";
		};
		09DBDF4A28F4B38600756617 /* NetWorking */ = {
			isa = PBXGroup;
			children = (
				090F239B28F8630100F8EB90 /* Request */,
				09DBDF5128F4BE7700756617 /* Auth */,
				09D1B8CB28F70A4100F3D20D /* DisplayableProtocol.swift */,
				09D339A428F87D28000092D2 /* EndPoitModel.swift */,
			);
			path = NetWorking;
			sourceTree = "<group>";
		};
		09DBDF4E28F4BC1F00756617 /* Helpers */ = {
			isa = PBXGroup;
			children = (
				09FFFE2428FC93D2007A701C /* AlertMessageHelper */,
				09DBDF4F28F4BC5E00756617 /* LanguageManagement.swift */,
				09BF6F5828F866670042960F /* DebugManager.swift */,
			);
			path = Helpers;
			sourceTree = "<group>";
		};
		09DBDF5128F4BE7700756617 /* Auth */ = {
			isa = PBXGroup;
			children = (
				09DBDF5628F4C33A00756617 /* UserManagementProtocol.swift */,
				09DBDF5828F4C38D00756617 /* UserManagement.swift */,
			);
			path = Auth;
			sourceTree = "<group>";
		};
		09E4687A28FB303900BEBAC3 /* HomeViewModels */ = {
			isa = PBXGroup;
			children = (
				09EBE63728F81EDB00911A70 /* HomeViewModel.swift */,
				09BC0F6C28F8AD7400C425DE /* TopElementViewModel.swift */,
				09BC0F6E28F8ADA200C425DE /* BottomElementViewModel.swift */,
			);
			path = HomeViewModels;
			sourceTree = "<group>";
		};
		09E4687C28FB328700BEBAC3 /* HomeView */ = {
			isa = PBXGroup;
			children = (
				09DBDF5C28F4CC2000756617 /* HomeVC.swift */,
				09DBDF5E28F4CC7500756617 /* HomeSB.storyboard */,
			);
			path = HomeView;
			sourceTree = "<group>";
		};
		09E4687D28FB33A000BEBAC3 /* Auth */ = {
			isa = PBXGroup;
			children = (
				09E4688228FB345500BEBAC3 /* AuthVC.swift */,
				09F96B7B28FC2AE0009562C4 /* LoginVC.swift */,
			);
			path = Auth;
			sourceTree = "<group>";
		};
		09FCC68328F6201100E0BFBF /* CustomCells */ = {
			isa = PBXGroup;
			children = (
				09FCC68A28F620CE00E0BFBF /* SingleElement */,
				09FCC68928F6207F00E0BFBF /* MainElement */,
			);
			path = CustomCells;
			sourceTree = "<group>";
		};
		09FCC68928F6207F00E0BFBF /* MainElement */ = {
			isa = PBXGroup;
			children = (
				09FCC68428F6205F00E0BFBF /* MainElementCVViewCell.swift */,
				09FCC68528F6205F00E0BFBF /* MainElementCVViewCell.xib */,
			);
			path = MainElement;
			sourceTree = "<group>";
		};
		09FCC68A28F620CE00E0BFBF /* SingleElement */ = {
			isa = PBXGroup;
			children = (
				09FCC68B28F6212100E0BFBF /* SingleElementTVCell.swift */,
				09FCC68C28F6212100E0BFBF /* SingleElementTVCell.xib */,
			);
			path = SingleElement;
			sourceTree = "<group>";
		};
		09FDACBA28F2F5E40011E6A3 = {
			isa = PBXGroup;
			children = (
				09DBDF1128F3BB1200756617 /* Packages */,
				09FDACC528F2F5E40011E6A3 /* MyApp */,
				09FDACC428F2F5E40011E6A3 /* Products */,
				04F4F6A07F4F3C64B06415E1 /* Pods */,
				F405140919DCD8F13E215107 /* Frameworks */,
			);
			sourceTree = "<group>";
		};
		09FDACC428F2F5E40011E6A3 /* Products */ = {
			isa = PBXGroup;
			children = (
				09FDACC328F2F5E40011E6A3 /* MyApp.app */,
			);
			name = Products;
			sourceTree = "<group>";
		};
		09FDACC528F2F5E40011E6A3 /* MyApp */ = {
			isa = PBXGroup;
			children = (
				09DBDF4E28F4BC1F00756617 /* Helpers */,
				09DBDF4A28F4B38600756617 /* NetWorking */,
				0994934828F3226D005227A7 /* Models */,
				0994934928F32291005227A7 /* Views */,
				0994934728F32260005227A7 /* ViewModels */,
				09FDACDD28F2FF560011E6A3 /* ConfigFiles */,
				09FDACC628F2F5E40011E6A3 /* AppDelegate.swift */,
				09FDACC828F2F5E40011E6A3 /* SceneDelegate.swift */,
				09FDACCA28F2F5E40011E6A3 /* ViewController.swift */,
				09FDACCC28F2F5E40011E6A3 /* Main.storyboard */,
				09FDACD228F2F5EB0011E6A3 /* Assets.xcassets */,
				09FDACD428F2F5EB0011E6A3 /* LaunchScreen.storyboard */,
				09FDACD728F2F5EB0011E6A3 /* Info.plist */,
				09FDACCF28F2F5E40011E6A3 /* MyApp.xcdatamodeld */,
			);
			path = MyApp;
			sourceTree = "<group>";
		};
		09FDACDD28F2FF560011E6A3 /* ConfigFiles */ = {
			isa = PBXGroup;
			children = (
				0994934A28F32A74005227A7 /* FireBaseFileConfig */,
				098A965128F30D2F0008CB2D /* ProductionConfig.xcconfig */,
				098A965328F30D550008CB2D /* DevelopConfig.xcconfig */,
				098A965528F30D920008CB2D /* QAConfig.xcconfig */,
				098A965928F312830008CB2D /* ConfigEnviroments.swift */,
				09DBDF0F28F3992600756617 /* Localizable.strings */,
			);
			path = ConfigFiles;
			sourceTree = "<group>";
		};
		09FFFE2128FC8AC7007A701C /* AuthViewModels */ = {
			isa = PBXGroup;
			children = (
				09FFFE2228FC8AFD007A701C /* LoginViewModel.swift */,
				09B9F01628FE4699002FCD17 /* RegisterViewModel.swift */,
			);
			path = AuthViewModels;
			sourceTree = "<group>";
		};
		09FFFE2428FC93D2007A701C /* AlertMessageHelper */ = {
			isa = PBXGroup;
			children = (
				09FFFE2928FC954D007A701C /* AlertMessengeHelperVC.swift */,
				09FFFE2A28FC954D007A701C /* AlertMessengeHelperVC.xib */,
			);
			path = AlertMessageHelper;
			sourceTree = "<group>";
		};
		F405140919DCD8F13E215107 /* Frameworks */ = {
			isa = PBXGroup;
			children = (
				81EC197C9402C4A0B632F955 /* Pods_MyApp.framework */,
			);
			name = Frameworks;
			sourceTree = "<group>";
		};
/* End PBXGroup section */

/* Begin PBXNativeTarget section */
		09FDACC228F2F5E40011E6A3 /* MyApp */ = {
			isa = PBXNativeTarget;
			buildConfigurationList = 09FDACDA28F2F5EB0011E6A3 /* Build configuration list for PBXNativeTarget "MyApp" */;
			buildPhases = (
				27DFF4336706F4467FA43F09 /* [CP] Check Pods Manifest.lock */,
				09FDACBF28F2F5E40011E6A3 /* Sources */,
				09FDACC028F2F5E40011E6A3 /* Frameworks */,
				09FDACC128F2F5E40011E6A3 /* Resources */,
				6EE5CF7BA3088A63C733E74E /* [CP] Embed Pods Frameworks */,
			);
			buildRules = (
			);
			dependencies = (
			);
			name = MyApp;
			packageProductDependencies = (
				096EE3572904014E00DB82E3 /* FirebaseAnalytics */,
				096EE3592904014E00DB82E3 /* FirebaseAnalyticsOnDeviceConversion */,
				096EE35B2904014E00DB82E3 /* FirebaseAnalyticsSwift */,
				096EE35D2904014E00DB82E3 /* FirebaseAnalyticsWithoutAdIdSupport */,
				096EE35F2904014E00DB82E3 /* FirebaseAppCheck */,
				096EE3612904014E00DB82E3 /* FirebaseAppDistribution-Beta */,
				096EE3632904014E00DB82E3 /* FirebaseAuth */,
				096EE3652904014E00DB82E3 /* FirebaseAuthCombine-Community */,
				096EE3672904014E00DB82E3 /* FirebaseCrashlytics */,
				096EE3692904014E00DB82E3 /* FirebaseDatabase */,
				096EE36B2904014E00DB82E3 /* FirebaseDatabaseSwift */,
				096EE36D2904014E00DB82E3 /* FirebaseDynamicLinks */,
				096EE36F2904014E00DB82E3 /* FirebaseFirestore */,
				096EE3712904014E00DB82E3 /* FirebaseFirestoreCombine-Community */,
				096EE3732904014E00DB82E3 /* FirebaseFirestoreSwift */,
				096EE3752904014E00DB82E3 /* FirebaseFunctions */,
				096EE3772904014E00DB82E3 /* FirebaseFunctionsCombine-Community */,
				096EE3792904014E00DB82E3 /* FirebaseInAppMessaging-Beta */,
				096EE37B2904014E00DB82E3 /* FirebaseInAppMessagingSwift-Beta */,
				096EE37D2904014E00DB82E3 /* FirebaseInstallations */,
				096EE37F2904014E00DB82E3 /* FirebaseMLModelDownloader */,
				096EE3812904014E00DB82E3 /* FirebaseMessaging */,
				096EE3832904014E00DB82E3 /* FirebasePerformance */,
				096EE3852904014E00DB82E3 /* FirebaseRemoteConfig */,
				096EE3872904014E00DB82E3 /* FirebaseRemoteConfigSwift */,
				096EE3892904014E00DB82E3 /* FirebaseStorage */,
				096EE38B2904014E00DB82E3 /* FirebaseStorageCombine-Community */,
			);
			productName = MyApp;
			productReference = 09FDACC328F2F5E40011E6A3 /* MyApp.app */;
			productType = "com.apple.product-type.application";
		};
/* End PBXNativeTarget section */

/* Begin PBXProject section */
		09FDACBB28F2F5E40011E6A3 /* Project object */ = {
			isa = PBXProject;
			attributes = {
				BuildIndependentTargetsInParallel = 1;
				LastSwiftUpdateCheck = 1400;
				LastUpgradeCheck = 1400;
				TargetAttributes = {
					09FDACC228F2F5E40011E6A3 = {
						CreatedOnToolsVersion = 14.0;
					};
				};
			};
			buildConfigurationList = 09FDACBE28F2F5E40011E6A3 /* Build configuration list for PBXProject "MyApp" */;
			compatibilityVersion = "Xcode 14.0";
			developmentRegion = en;
			hasScannedForEncodings = 0;
			knownRegions = (
				en,
				Base,
				"es-419",
			);
			mainGroup = 09FDACBA28F2F5E40011E6A3;
			packageReferences = (
				096EE3562904014E00DB82E3 /* XCRemoteSwiftPackageReference "firebase-ios-sdk" */,
			);
			productRefGroup = 09FDACC428F2F5E40011E6A3 /* Products */;
			projectDirPath = "";
			projectRoot = "";
			targets = (
				09FDACC228F2F5E40011E6A3 /* MyApp */,
			);
		};
/* End PBXProject section */

/* Begin PBXResourcesBuildPhase section */
		09FDACC128F2F5E40011E6A3 /* Resources */ = {
			isa = PBXResourcesBuildPhase;
			buildActionMask = 2147483647;
			files = (
				09FDACD628F2F5EB0011E6A3 /* LaunchScreen.storyboard in Resources */,
				098A965428F30D550008CB2D /* DevelopConfig.xcconfig in Resources */,
				098A965228F30D2F0008CB2D /* ProductionConfig.xcconfig in Resources */,
				0994934F28F32C58005227A7 /* GoogleService-QA-Info.plist in Resources */,
				09FDACD328F2F5EB0011E6A3 /* Assets.xcassets in Resources */,
				09FCC68728F6206000E0BFBF /* MainElementCVViewCell.xib in Resources */,
				09DBDF5F28F4CC7500756617 /* HomeSB.storyboard in Resources */,
				09DBDF0D28F3992600756617 /* Localizable.strings in Resources */,
				098A965628F30D920008CB2D /* QAConfig.xcconfig in Resources */,
				09FCC68E28F6212100E0BFBF /* SingleElementTVCell.xib in Resources */,
				09933FC6290195E5006E9942 /* ElementListDetailSB.storyboard in Resources */,
				09FDACCE28F2F5E40011E6A3 /* Main.storyboard in Resources */,
				0994934C28F32AB2005227A7 /* GoogleService-Info.plist in Resources */,
				09FFFE2C28FC954D007A701C /* AlertMessengeHelperVC.xib in Resources */,
				0994935028F32C58005227A7 /* GoogleService-Dev-Info.plist in Resources */,
			);
			runOnlyForDeploymentPostprocessing = 0;
		};
/* End PBXResourcesBuildPhase section */

/* Begin PBXShellScriptBuildPhase section */
		27DFF4336706F4467FA43F09 /* [CP] Check Pods Manifest.lock */ = {
			isa = PBXShellScriptBuildPhase;
			buildActionMask = 2147483647;
			files = (
			);
			inputFileListPaths = (
			);
			inputPaths = (
				"${PODS_PODFILE_DIR_PATH}/Podfile.lock",
				"${PODS_ROOT}/Manifest.lock",
			);
			name = "[CP] Check Pods Manifest.lock";
			outputFileListPaths = (
			);
			outputPaths = (
				"$(DERIVED_FILE_DIR)/Pods-MyApp-checkManifestLockResult.txt",
			);
			runOnlyForDeploymentPostprocessing = 0;
			shellPath = /bin/sh;
			shellScript = "diff \"${PODS_PODFILE_DIR_PATH}/Podfile.lock\" \"${PODS_ROOT}/Manifest.lock\" > /dev/null\nif [ $? != 0 ] ; then\n    # print error to STDERR\n    echo \"error: The sandbox is not in sync with the Podfile.lock. Run 'pod install' or update your CocoaPods installation.\" >&2\n    exit 1\nfi\n# This output is used by Xcode 'outputs' to avoid re-running this script phase.\necho \"SUCCESS\" > \"${SCRIPT_OUTPUT_FILE_0}\"\n";
			showEnvVarsInLog = 0;
		};
		6EE5CF7BA3088A63C733E74E /* [CP] Embed Pods Frameworks */ = {
			isa = PBXShellScriptBuildPhase;
			buildActionMask = 2147483647;
			files = (
			);
			inputFileListPaths = (
				"${PODS_ROOT}/Target Support Files/Pods-MyApp/Pods-MyApp-frameworks-${CONFIGURATION}-input-files.xcfilelist",
			);
			name = "[CP] Embed Pods Frameworks";
			outputFileListPaths = (
				"${PODS_ROOT}/Target Support Files/Pods-MyApp/Pods-MyApp-frameworks-${CONFIGURATION}-output-files.xcfilelist",
			);
			runOnlyForDeploymentPostprocessing = 0;
			shellPath = /bin/sh;
			shellScript = "\"${PODS_ROOT}/Target Support Files/Pods-MyApp/Pods-MyApp-frameworks.sh\"\n";
			showEnvVarsInLog = 0;
		};
/* End PBXShellScriptBuildPhase section */

/* Begin PBXSourcesBuildPhase section */
		09FDACBF28F2F5E40011E6A3 /* Sources */ = {
			isa = PBXSourcesBuildPhase;
			buildActionMask = 2147483647;
			files = (
				09BC0F6928F8AB6200C425DE /* ResultBotomModel.swift in Sources */,
				098A965A28F312830008CB2D /* ConfigEnviroments.swift in Sources */,
				09DBDF5728F4C33A00756617 /* UserManagementProtocol.swift in Sources */,
				09B9F01728FE4699002FCD17 /* RegisterViewModel.swift in Sources */,
				09FDACCB28F2F5E40011E6A3 /* ViewController.swift in Sources */,
				09B404E82902DB28005E8572 /* DetailsViewModels.swift in Sources */,
				09B404E52902D8B9005E8572 /* ResultDetailModel.swift in Sources */,
				09DBDF5D28F4CC2000756617 /* HomeVC.swift in Sources */,
				09BC0F6D28F8AD7400C425DE /* TopElementViewModel.swift in Sources */,
				09E4688328FB345500BEBAC3 /* AuthVC.swift in Sources */,
				09D1B8CC28F70A4100F3D20D /* DisplayableProtocol.swift in Sources */,
				09B404E32902D60A005E8572 /* DetailElementModel.swift in Sources */,
				09BF6F5928F866670042960F /* DebugManager.swift in Sources */,
				09D1B8D328F71B9700F3D20D /* AllResultModel.swift in Sources */,
				09D339A528F87D28000092D2 /* EndPoitModel.swift in Sources */,
				09FFFE2B28FC954D007A701C /* AlertMessengeHelperVC.swift in Sources */,
				09DBDF5028F4BC5E00756617 /* LanguageManagement.swift in Sources */,
				09FCC68628F6205F00E0BFBF /* MainElementCVViewCell.swift in Sources */,
				09BC0F6528F8A83F00C425DE /* TopElementsModels.swift in Sources */,
				09EBE63A28F82BE400911A70 /* fecthDataProtocol.swift in Sources */,
				09FCC68D28F6212100E0BFBF /* SingleElementTVCell.swift in Sources */,
				09FDACD128F2F5E40011E6A3 /* MyApp.xcdatamodeld in Sources */,
				090F239D28F8638400F8EB90 /* RequestServiceUrl.swift in Sources */,
				09FDACC728F2F5E40011E6A3 /* AppDelegate.swift in Sources */,
				09BC0F6F28F8ADA200C425DE /* BottomElementViewModel.swift in Sources */,
				09FFFE2328FC8AFD007A701C /* LoginViewModel.swift in Sources */,
				09DBDF5928F4C38D00756617 /* UserManagement.swift in Sources */,
				09D1B8D128F70FB100F3D20D /* ResultModel.swift in Sources */,
				09BC0F6B28F8AC2600C425DE /* ResultTopModel.swift in Sources */,
				09933FC82901964B006E9942 /* ListDetailVC.swift in Sources */,
				09F96B7C28FC2AE0009562C4 /* LoginVC.swift in Sources */,
				09EBE63828F81EDB00911A70 /* HomeViewModel.swift in Sources */,
				09FDACC928F2F5E40011E6A3 /* SceneDelegate.swift in Sources */,
				096AFAF628FCDEB300C9F142 /* UserModel.swift in Sources */,
				096AFAFC28FCE7A100C9F142 /* UserDefaultKeys.swift in Sources */,
				09BE2DAF2901DDC800960550 /* DetailElementVC.swift in Sources */,
				09BC0F6728F8AA4100C425DE /* BotomElementModel.swift in Sources */,
			);
			runOnlyForDeploymentPostprocessing = 0;
		};
/* End PBXSourcesBuildPhase section */

/* Begin PBXVariantGroup section */
		09DBDF0F28F3992600756617 /* Localizable.strings */ = {
			isa = PBXVariantGroup;
			children = (
				09DBDF0E28F3992600756617 /* es-419 */,
				09DBDF1028F3996100756617 /* en */,
			);
			name = Localizable.strings;
			sourceTree = "<group>";
		};
		09FDACCC28F2F5E40011E6A3 /* Main.storyboard */ = {
			isa = PBXVariantGroup;
			children = (
				09FDACCD28F2F5E40011E6A3 /* Base */,
				094DB6E928F320F7002EB276 /* es-419 */,
				0994934628F3219F005227A7 /* en */,
			);
			name = Main.storyboard;
			sourceTree = "<group>";
		};
		09FDACD428F2F5EB0011E6A3 /* LaunchScreen.storyboard */ = {
			isa = PBXVariantGroup;
			children = (
				09FDACD528F2F5EB0011E6A3 /* Base */,
				094DB6EA28F320F9002EB276 /* es-419 */,
				0994934428F32167005227A7 /* en */,
			);
			name = LaunchScreen.storyboard;
			sourceTree = "<group>";
		};
/* End PBXVariantGroup section */

/* Begin XCBuildConfiguration section */
		098A964D28F309C10008CB2D /* Production */ = {
			isa = XCBuildConfiguration;
			baseConfigurationReference = 098A965128F30D2F0008CB2D /* ProductionConfig.xcconfig */;
			buildSettings = {
				ALWAYS_SEARCH_USER_PATHS = NO;
				CLANG_ANALYZER_LOCALIZABILITY_NONLOCALIZED = YES;
				CLANG_ANALYZER_NONNULL = YES;
				CLANG_ANALYZER_NUMBER_OBJECT_CONVERSION = YES_AGGRESSIVE;
				CLANG_CXX_LANGUAGE_STANDARD = "gnu++17";
				CLANG_ENABLE_MODULES = YES;
				CLANG_ENABLE_OBJC_ARC = YES;
				CLANG_ENABLE_OBJC_WEAK = YES;
				CLANG_WARN_BLOCK_CAPTURE_AUTORELEASING = YES;
				CLANG_WARN_BOOL_CONVERSION = YES;
				CLANG_WARN_COMMA = YES;
				CLANG_WARN_CONSTANT_CONVERSION = YES;
				CLANG_WARN_DEPRECATED_OBJC_IMPLEMENTATIONS = YES;
				CLANG_WARN_DIRECT_OBJC_ISA_USAGE = YES_ERROR;
				CLANG_WARN_DOCUMENTATION_COMMENTS = YES;
				CLANG_WARN_EMPTY_BODY = YES;
				CLANG_WARN_ENUM_CONVERSION = YES;
				CLANG_WARN_INFINITE_RECURSION = YES;
				CLANG_WARN_INT_CONVERSION = YES;
				CLANG_WARN_NON_LITERAL_NULL_CONVERSION = YES;
				CLANG_WARN_OBJC_IMPLICIT_RETAIN_SELF = YES;
				CLANG_WARN_OBJC_LITERAL_CONVERSION = YES;
				CLANG_WARN_OBJC_ROOT_CLASS = YES_ERROR;
				CLANG_WARN_QUOTED_INCLUDE_IN_FRAMEWORK_HEADER = YES;
				CLANG_WARN_RANGE_LOOP_ANALYSIS = YES;
				CLANG_WARN_STRICT_PROTOTYPES = YES;
				CLANG_WARN_SUSPICIOUS_MOVE = YES;
				CLANG_WARN_UNGUARDED_AVAILABILITY = YES_AGGRESSIVE;
				CLANG_WARN_UNREACHABLE_CODE = YES;
				CLANG_WARN__DUPLICATE_METHOD_MATCH = YES;
				COPY_PHASE_STRIP = NO;
				DEBUG_INFORMATION_FORMAT = "dwarf-with-dsym";
				ENABLE_NS_ASSERTIONS = NO;
				ENABLE_STRICT_OBJC_MSGSEND = YES;
				GCC_C_LANGUAGE_STANDARD = gnu11;
				GCC_NO_COMMON_BLOCKS = YES;
				GCC_WARN_64_TO_32_BIT_CONVERSION = YES;
				GCC_WARN_ABOUT_RETURN_TYPE = YES_ERROR;
				GCC_WARN_UNDECLARED_SELECTOR = YES;
				GCC_WARN_UNINITIALIZED_AUTOS = YES_AGGRESSIVE;
				GCC_WARN_UNUSED_FUNCTION = YES;
				GCC_WARN_UNUSED_VARIABLE = YES;
				IPHONEOS_DEPLOYMENT_TARGET = 16.0;
				MTL_ENABLE_DEBUG_INFO = NO;
				MTL_FAST_MATH = YES;
				SDKROOT = iphoneos;
				SWIFT_COMPILATION_MODE = wholemodule;
				SWIFT_OPTIMIZATION_LEVEL = "-O";
				VALIDATE_PRODUCT = YES;
			};
			name = Production;
		};
		098A964E28F309C20008CB2D /* Production */ = {
			isa = XCBuildConfiguration;
			baseConfigurationReference = 6B6A53D2AF174E905AD7680C /* Pods-MyApp.production.xcconfig */;
			buildSettings = {
				ASSETCATALOG_COMPILER_APPICON_NAME = AppIcon;
				ASSETCATALOG_COMPILER_GLOBAL_ACCENT_COLOR_NAME = AccentColor;
				CODE_SIGN_STYLE = Automatic;
				CURRENT_PROJECT_VERSION = 1;
				DEVELOPMENT_TEAM = M72945Z4N7;
				GENERATE_INFOPLIST_FILE = YES;
				INFOPLIST_FILE = MyApp/Info.plist;
				INFOPLIST_KEY_UIApplicationSupportsIndirectInputEvents = YES;
				INFOPLIST_KEY_UILaunchStoryboardName = LaunchScreen;
				INFOPLIST_KEY_UIMainStoryboardFile = Main;
				INFOPLIST_KEY_UISupportedInterfaceOrientations_iPad = "UIInterfaceOrientationPortrait UIInterfaceOrientationPortraitUpsideDown UIInterfaceOrientationLandscapeLeft UIInterfaceOrientationLandscapeRight";
				INFOPLIST_KEY_UISupportedInterfaceOrientations_iPhone = "UIInterfaceOrientationPortrait UIInterfaceOrientationLandscapeLeft UIInterfaceOrientationLandscapeRight";
				IPHONEOS_DEPLOYMENT_TARGET = 15.0;
				LD_RUNPATH_SEARCH_PATHS = (
					"$(inherited)",
					"@executable_path/Frameworks",
				);
				MARKETING_VERSION = 1.0;
				PRODUCT_BUNDLE_IDENTIFIER = com.nwingshadow.MyApp;
				PRODUCT_NAME = "$(TARGET_NAME)";
				SWIFT_EMIT_LOC_STRINGS = YES;
				SWIFT_VERSION = 5.0;
				TARGETED_DEVICE_FAMILY = "1,2";
			};
			name = Production;
		};
		098A964F28F309D40008CB2D /* Develop */ = {
			isa = XCBuildConfiguration;
			baseConfigurationReference = 098A965328F30D550008CB2D /* DevelopConfig.xcconfig */;
			buildSettings = {
				ALWAYS_SEARCH_USER_PATHS = NO;
				CLANG_ANALYZER_LOCALIZABILITY_NONLOCALIZED = YES;
				CLANG_ANALYZER_NONNULL = YES;
				CLANG_ANALYZER_NUMBER_OBJECT_CONVERSION = YES_AGGRESSIVE;
				CLANG_CXX_LANGUAGE_STANDARD = "gnu++17";
				CLANG_ENABLE_MODULES = YES;
				CLANG_ENABLE_OBJC_ARC = YES;
				CLANG_ENABLE_OBJC_WEAK = YES;
				CLANG_WARN_BLOCK_CAPTURE_AUTORELEASING = YES;
				CLANG_WARN_BOOL_CONVERSION = YES;
				CLANG_WARN_COMMA = YES;
				CLANG_WARN_CONSTANT_CONVERSION = YES;
				CLANG_WARN_DEPRECATED_OBJC_IMPLEMENTATIONS = YES;
				CLANG_WARN_DIRECT_OBJC_ISA_USAGE = YES_ERROR;
				CLANG_WARN_DOCUMENTATION_COMMENTS = YES;
				CLANG_WARN_EMPTY_BODY = YES;
				CLANG_WARN_ENUM_CONVERSION = YES;
				CLANG_WARN_INFINITE_RECURSION = YES;
				CLANG_WARN_INT_CONVERSION = YES;
				CLANG_WARN_NON_LITERAL_NULL_CONVERSION = YES;
				CLANG_WARN_OBJC_IMPLICIT_RETAIN_SELF = YES;
				CLANG_WARN_OBJC_LITERAL_CONVERSION = YES;
				CLANG_WARN_OBJC_ROOT_CLASS = YES_ERROR;
				CLANG_WARN_QUOTED_INCLUDE_IN_FRAMEWORK_HEADER = YES;
				CLANG_WARN_RANGE_LOOP_ANALYSIS = YES;
				CLANG_WARN_STRICT_PROTOTYPES = YES;
				CLANG_WARN_SUSPICIOUS_MOVE = YES;
				CLANG_WARN_UNGUARDED_AVAILABILITY = YES_AGGRESSIVE;
				CLANG_WARN_UNREACHABLE_CODE = YES;
				CLANG_WARN__DUPLICATE_METHOD_MATCH = YES;
				COPY_PHASE_STRIP = NO;
				DEBUG_INFORMATION_FORMAT = dwarf;
				ENABLE_STRICT_OBJC_MSGSEND = YES;
				ENABLE_TESTABILITY = YES;
				GCC_C_LANGUAGE_STANDARD = gnu11;
				GCC_DYNAMIC_NO_PIC = NO;
				GCC_NO_COMMON_BLOCKS = YES;
				GCC_OPTIMIZATION_LEVEL = 0;
				GCC_PREPROCESSOR_DEFINITIONS = (
					"DEBUG=1",
					"$(inherited)",
				);
				GCC_WARN_64_TO_32_BIT_CONVERSION = YES;
				GCC_WARN_ABOUT_RETURN_TYPE = YES_ERROR;
				GCC_WARN_UNDECLARED_SELECTOR = YES;
				GCC_WARN_UNINITIALIZED_AUTOS = YES_AGGRESSIVE;
				GCC_WARN_UNUSED_FUNCTION = YES;
				GCC_WARN_UNUSED_VARIABLE = YES;
				IPHONEOS_DEPLOYMENT_TARGET = 16.0;
				MTL_ENABLE_DEBUG_INFO = INCLUDE_SOURCE;
				MTL_FAST_MATH = YES;
				ONLY_ACTIVE_ARCH = YES;
				SDKROOT = iphoneos;
				SWIFT_ACTIVE_COMPILATION_CONDITIONS = DEBUG;
				SWIFT_OPTIMIZATION_LEVEL = "-Onone";
			};
			name = Develop;
		};
		098A965028F309D40008CB2D /* Develop */ = {
			isa = XCBuildConfiguration;
			baseConfigurationReference = AD0BB4371B74EC24A6DD56B9 /* Pods-MyApp.develop.xcconfig */;
			buildSettings = {
				ASSETCATALOG_COMPILER_APPICON_NAME = AppIcon;
				ASSETCATALOG_COMPILER_GLOBAL_ACCENT_COLOR_NAME = AccentColor;
				CODE_SIGN_STYLE = Automatic;
				CURRENT_PROJECT_VERSION = 1;
				DEVELOPMENT_TEAM = M72945Z4N7;
				GENERATE_INFOPLIST_FILE = YES;
				INFOPLIST_FILE = MyApp/Info.plist;
				INFOPLIST_KEY_UIApplicationSupportsIndirectInputEvents = YES;
				INFOPLIST_KEY_UILaunchStoryboardName = LaunchScreen;
				INFOPLIST_KEY_UIMainStoryboardFile = Main;
				INFOPLIST_KEY_UISupportedInterfaceOrientations_iPad = "UIInterfaceOrientationPortrait UIInterfaceOrientationPortraitUpsideDown UIInterfaceOrientationLandscapeLeft UIInterfaceOrientationLandscapeRight";
				INFOPLIST_KEY_UISupportedInterfaceOrientations_iPhone = "UIInterfaceOrientationPortrait UIInterfaceOrientationLandscapeLeft UIInterfaceOrientationLandscapeRight";
				IPHONEOS_DEPLOYMENT_TARGET = 15.0;
				LD_RUNPATH_SEARCH_PATHS = (
					"$(inherited)",
					"@executable_path/Frameworks",
				);
				MARKETING_VERSION = 1.0;
				PRODUCT_BUNDLE_IDENTIFIER = com.nwingshadow.MyApp;
				PRODUCT_NAME = "$(TARGET_NAME)";
				SWIFT_EMIT_LOC_STRINGS = YES;
				SWIFT_VERSION = 5.0;
				TARGETED_DEVICE_FAMILY = "1,2";
			};
			name = Develop;
		};
		098A965728F30D9C0008CB2D /* QA */ = {
			isa = XCBuildConfiguration;
			baseConfigurationReference = 098A965528F30D920008CB2D /* QAConfig.xcconfig */;
			buildSettings = {
				ALWAYS_SEARCH_USER_PATHS = NO;
				CLANG_ANALYZER_LOCALIZABILITY_NONLOCALIZED = YES;
				CLANG_ANALYZER_NONNULL = YES;
				CLANG_ANALYZER_NUMBER_OBJECT_CONVERSION = YES_AGGRESSIVE;
				CLANG_CXX_LANGUAGE_STANDARD = "gnu++17";
				CLANG_ENABLE_MODULES = YES;
				CLANG_ENABLE_OBJC_ARC = YES;
				CLANG_ENABLE_OBJC_WEAK = YES;
				CLANG_WARN_BLOCK_CAPTURE_AUTORELEASING = YES;
				CLANG_WARN_BOOL_CONVERSION = YES;
				CLANG_WARN_COMMA = YES;
				CLANG_WARN_CONSTANT_CONVERSION = YES;
				CLANG_WARN_DEPRECATED_OBJC_IMPLEMENTATIONS = YES;
				CLANG_WARN_DIRECT_OBJC_ISA_USAGE = YES_ERROR;
				CLANG_WARN_DOCUMENTATION_COMMENTS = YES;
				CLANG_WARN_EMPTY_BODY = YES;
				CLANG_WARN_ENUM_CONVERSION = YES;
				CLANG_WARN_INFINITE_RECURSION = YES;
				CLANG_WARN_INT_CONVERSION = YES;
				CLANG_WARN_NON_LITERAL_NULL_CONVERSION = YES;
				CLANG_WARN_OBJC_IMPLICIT_RETAIN_SELF = YES;
				CLANG_WARN_OBJC_LITERAL_CONVERSION = YES;
				CLANG_WARN_OBJC_ROOT_CLASS = YES_ERROR;
				CLANG_WARN_QUOTED_INCLUDE_IN_FRAMEWORK_HEADER = YES;
				CLANG_WARN_RANGE_LOOP_ANALYSIS = YES;
				CLANG_WARN_STRICT_PROTOTYPES = YES;
				CLANG_WARN_SUSPICIOUS_MOVE = YES;
				CLANG_WARN_UNGUARDED_AVAILABILITY = YES_AGGRESSIVE;
				CLANG_WARN_UNREACHABLE_CODE = YES;
				CLANG_WARN__DUPLICATE_METHOD_MATCH = YES;
				COPY_PHASE_STRIP = NO;
				DEBUG_INFORMATION_FORMAT = "dwarf-with-dsym";
				ENABLE_NS_ASSERTIONS = NO;
				ENABLE_STRICT_OBJC_MSGSEND = YES;
				GCC_C_LANGUAGE_STANDARD = gnu11;
				GCC_NO_COMMON_BLOCKS = YES;
				GCC_WARN_64_TO_32_BIT_CONVERSION = YES;
				GCC_WARN_ABOUT_RETURN_TYPE = YES_ERROR;
				GCC_WARN_UNDECLARED_SELECTOR = YES;
				GCC_WARN_UNINITIALIZED_AUTOS = YES_AGGRESSIVE;
				GCC_WARN_UNUSED_FUNCTION = YES;
				GCC_WARN_UNUSED_VARIABLE = YES;
				IPHONEOS_DEPLOYMENT_TARGET = 16.0;
				MTL_ENABLE_DEBUG_INFO = NO;
				MTL_FAST_MATH = YES;
				SDKROOT = iphoneos;
				SWIFT_COMPILATION_MODE = wholemodule;
				SWIFT_OPTIMIZATION_LEVEL = "-O";
				VALIDATE_PRODUCT = YES;
			};
			name = QA;
		};
		098A965828F30D9C0008CB2D /* QA */ = {
			isa = XCBuildConfiguration;
			baseConfigurationReference = 9FC0B03FCFAC4BBFBE1A8159 /* Pods-MyApp.qa.xcconfig */;
			buildSettings = {
				ASSETCATALOG_COMPILER_APPICON_NAME = AppIcon;
				ASSETCATALOG_COMPILER_GLOBAL_ACCENT_COLOR_NAME = AccentColor;
				CODE_SIGN_STYLE = Automatic;
				CURRENT_PROJECT_VERSION = 1;
				DEVELOPMENT_TEAM = M72945Z4N7;
				GENERATE_INFOPLIST_FILE = YES;
				INFOPLIST_FILE = MyApp/Info.plist;
				INFOPLIST_KEY_UIApplicationSupportsIndirectInputEvents = YES;
				INFOPLIST_KEY_UILaunchStoryboardName = LaunchScreen;
				INFOPLIST_KEY_UIMainStoryboardFile = Main;
				INFOPLIST_KEY_UISupportedInterfaceOrientations_iPad = "UIInterfaceOrientationPortrait UIInterfaceOrientationPortraitUpsideDown UIInterfaceOrientationLandscapeLeft UIInterfaceOrientationLandscapeRight";
				INFOPLIST_KEY_UISupportedInterfaceOrientations_iPhone = "UIInterfaceOrientationPortrait UIInterfaceOrientationLandscapeLeft UIInterfaceOrientationLandscapeRight";
				IPHONEOS_DEPLOYMENT_TARGET = 15.0;
				LD_RUNPATH_SEARCH_PATHS = (
					"$(inherited)",
					"@executable_path/Frameworks",
				);
				MARKETING_VERSION = 1.0;
				PRODUCT_BUNDLE_IDENTIFIER = com.nwingshadow.MyApp;
				PRODUCT_NAME = "$(TARGET_NAME)";
				SWIFT_EMIT_LOC_STRINGS = YES;
				SWIFT_VERSION = 5.0;
				TARGETED_DEVICE_FAMILY = "1,2";
			};
			name = QA;
		};
		09FDACD828F2F5EB0011E6A3 /* Debug */ = {
			isa = XCBuildConfiguration;
			buildSettings = {
				ALWAYS_SEARCH_USER_PATHS = NO;
				CLANG_ANALYZER_LOCALIZABILITY_NONLOCALIZED = YES;
				CLANG_ANALYZER_NONNULL = YES;
				CLANG_ANALYZER_NUMBER_OBJECT_CONVERSION = YES_AGGRESSIVE;
				CLANG_CXX_LANGUAGE_STANDARD = "gnu++17";
				CLANG_ENABLE_MODULES = YES;
				CLANG_ENABLE_OBJC_ARC = YES;
				CLANG_ENABLE_OBJC_WEAK = YES;
				CLANG_WARN_BLOCK_CAPTURE_AUTORELEASING = YES;
				CLANG_WARN_BOOL_CONVERSION = YES;
				CLANG_WARN_COMMA = YES;
				CLANG_WARN_CONSTANT_CONVERSION = YES;
				CLANG_WARN_DEPRECATED_OBJC_IMPLEMENTATIONS = YES;
				CLANG_WARN_DIRECT_OBJC_ISA_USAGE = YES_ERROR;
				CLANG_WARN_DOCUMENTATION_COMMENTS = YES;
				CLANG_WARN_EMPTY_BODY = YES;
				CLANG_WARN_ENUM_CONVERSION = YES;
				CLANG_WARN_INFINITE_RECURSION = YES;
				CLANG_WARN_INT_CONVERSION = YES;
				CLANG_WARN_NON_LITERAL_NULL_CONVERSION = YES;
				CLANG_WARN_OBJC_IMPLICIT_RETAIN_SELF = YES;
				CLANG_WARN_OBJC_LITERAL_CONVERSION = YES;
				CLANG_WARN_OBJC_ROOT_CLASS = YES_ERROR;
				CLANG_WARN_QUOTED_INCLUDE_IN_FRAMEWORK_HEADER = YES;
				CLANG_WARN_RANGE_LOOP_ANALYSIS = YES;
				CLANG_WARN_STRICT_PROTOTYPES = YES;
				CLANG_WARN_SUSPICIOUS_MOVE = YES;
				CLANG_WARN_UNGUARDED_AVAILABILITY = YES_AGGRESSIVE;
				CLANG_WARN_UNREACHABLE_CODE = YES;
				CLANG_WARN__DUPLICATE_METHOD_MATCH = YES;
				COPY_PHASE_STRIP = NO;
				DEBUG_INFORMATION_FORMAT = dwarf;
				ENABLE_STRICT_OBJC_MSGSEND = YES;
				ENABLE_TESTABILITY = YES;
				GCC_C_LANGUAGE_STANDARD = gnu11;
				GCC_DYNAMIC_NO_PIC = NO;
				GCC_NO_COMMON_BLOCKS = YES;
				GCC_OPTIMIZATION_LEVEL = 0;
				GCC_PREPROCESSOR_DEFINITIONS = (
					"DEBUG=1",
					"$(inherited)",
				);
				GCC_WARN_64_TO_32_BIT_CONVERSION = YES;
				GCC_WARN_ABOUT_RETURN_TYPE = YES_ERROR;
				GCC_WARN_UNDECLARED_SELECTOR = YES;
				GCC_WARN_UNINITIALIZED_AUTOS = YES_AGGRESSIVE;
				GCC_WARN_UNUSED_FUNCTION = YES;
				GCC_WARN_UNUSED_VARIABLE = YES;
				IPHONEOS_DEPLOYMENT_TARGET = 16.0;
				MTL_ENABLE_DEBUG_INFO = INCLUDE_SOURCE;
				MTL_FAST_MATH = YES;
				ONLY_ACTIVE_ARCH = YES;
				SDKROOT = iphoneos;
				SWIFT_ACTIVE_COMPILATION_CONDITIONS = DEBUG;
				SWIFT_OPTIMIZATION_LEVEL = "-Onone";
			};
			name = Debug;
		};
		09FDACD928F2F5EB0011E6A3 /* Release */ = {
			isa = XCBuildConfiguration;
			buildSettings = {
				ALWAYS_SEARCH_USER_PATHS = NO;
				CLANG_ANALYZER_LOCALIZABILITY_NONLOCALIZED = YES;
				CLANG_ANALYZER_NONNULL = YES;
				CLANG_ANALYZER_NUMBER_OBJECT_CONVERSION = YES_AGGRESSIVE;
				CLANG_CXX_LANGUAGE_STANDARD = "gnu++17";
				CLANG_ENABLE_MODULES = YES;
				CLANG_ENABLE_OBJC_ARC = YES;
				CLANG_ENABLE_OBJC_WEAK = YES;
				CLANG_WARN_BLOCK_CAPTURE_AUTORELEASING = YES;
				CLANG_WARN_BOOL_CONVERSION = YES;
				CLANG_WARN_COMMA = YES;
				CLANG_WARN_CONSTANT_CONVERSION = YES;
				CLANG_WARN_DEPRECATED_OBJC_IMPLEMENTATIONS = YES;
				CLANG_WARN_DIRECT_OBJC_ISA_USAGE = YES_ERROR;
				CLANG_WARN_DOCUMENTATION_COMMENTS = YES;
				CLANG_WARN_EMPTY_BODY = YES;
				CLANG_WARN_ENUM_CONVERSION = YES;
				CLANG_WARN_INFINITE_RECURSION = YES;
				CLANG_WARN_INT_CONVERSION = YES;
				CLANG_WARN_NON_LITERAL_NULL_CONVERSION = YES;
				CLANG_WARN_OBJC_IMPLICIT_RETAIN_SELF = YES;
				CLANG_WARN_OBJC_LITERAL_CONVERSION = YES;
				CLANG_WARN_OBJC_ROOT_CLASS = YES_ERROR;
				CLANG_WARN_QUOTED_INCLUDE_IN_FRAMEWORK_HEADER = YES;
				CLANG_WARN_RANGE_LOOP_ANALYSIS = YES;
				CLANG_WARN_STRICT_PROTOTYPES = YES;
				CLANG_WARN_SUSPICIOUS_MOVE = YES;
				CLANG_WARN_UNGUARDED_AVAILABILITY = YES_AGGRESSIVE;
				CLANG_WARN_UNREACHABLE_CODE = YES;
				CLANG_WARN__DUPLICATE_METHOD_MATCH = YES;
				COPY_PHASE_STRIP = NO;
				DEBUG_INFORMATION_FORMAT = "dwarf-with-dsym";
				ENABLE_NS_ASSERTIONS = NO;
				ENABLE_STRICT_OBJC_MSGSEND = YES;
				GCC_C_LANGUAGE_STANDARD = gnu11;
				GCC_NO_COMMON_BLOCKS = YES;
				GCC_WARN_64_TO_32_BIT_CONVERSION = YES;
				GCC_WARN_ABOUT_RETURN_TYPE = YES_ERROR;
				GCC_WARN_UNDECLARED_SELECTOR = YES;
				GCC_WARN_UNINITIALIZED_AUTOS = YES_AGGRESSIVE;
				GCC_WARN_UNUSED_FUNCTION = YES;
				GCC_WARN_UNUSED_VARIABLE = YES;
				IPHONEOS_DEPLOYMENT_TARGET = 16.0;
				MTL_ENABLE_DEBUG_INFO = NO;
				MTL_FAST_MATH = YES;
				SDKROOT = iphoneos;
				SWIFT_COMPILATION_MODE = wholemodule;
				SWIFT_OPTIMIZATION_LEVEL = "-O";
				VALIDATE_PRODUCT = YES;
			};
			name = Release;
		};
		09FDACDB28F2F5EB0011E6A3 /* Debug */ = {
			isa = XCBuildConfiguration;
			baseConfigurationReference = C2E347C33475E2DBAA090EF5 /* Pods-MyApp.debug.xcconfig */;
			buildSettings = {
				ASSETCATALOG_COMPILER_APPICON_NAME = AppIcon;
				ASSETCATALOG_COMPILER_GLOBAL_ACCENT_COLOR_NAME = AccentColor;
				CODE_SIGN_STYLE = Automatic;
				CURRENT_PROJECT_VERSION = 1;
				DEVELOPMENT_TEAM = M72945Z4N7;
				GENERATE_INFOPLIST_FILE = YES;
				INFOPLIST_FILE = MyApp/Info.plist;
				INFOPLIST_KEY_UIApplicationSupportsIndirectInputEvents = YES;
				INFOPLIST_KEY_UILaunchStoryboardName = LaunchScreen;
				INFOPLIST_KEY_UIMainStoryboardFile = Main;
				INFOPLIST_KEY_UISupportedInterfaceOrientations_iPad = "UIInterfaceOrientationPortrait UIInterfaceOrientationPortraitUpsideDown UIInterfaceOrientationLandscapeLeft UIInterfaceOrientationLandscapeRight";
				INFOPLIST_KEY_UISupportedInterfaceOrientations_iPhone = "UIInterfaceOrientationPortrait UIInterfaceOrientationLandscapeLeft UIInterfaceOrientationLandscapeRight";
				IPHONEOS_DEPLOYMENT_TARGET = 15.0;
				LD_RUNPATH_SEARCH_PATHS = (
					"$(inherited)",
					"@executable_path/Frameworks",
				);
				MARKETING_VERSION = 1.0;
				PRODUCT_BUNDLE_IDENTIFIER = com.nwingshadow.MyApp;
				PRODUCT_NAME = "$(TARGET_NAME)";
				SWIFT_EMIT_LOC_STRINGS = YES;
				SWIFT_VERSION = 5.0;
				TARGETED_DEVICE_FAMILY = "1,2";
			};
			name = Debug;
		};
		09FDACDC28F2F5EB0011E6A3 /* Release */ = {
			isa = XCBuildConfiguration;
			baseConfigurationReference = B8EF7F688F703F9DC9191191 /* Pods-MyApp.release.xcconfig */;
			buildSettings = {
				ASSETCATALOG_COMPILER_APPICON_NAME = AppIcon;
				ASSETCATALOG_COMPILER_GLOBAL_ACCENT_COLOR_NAME = AccentColor;
				CODE_SIGN_STYLE = Automatic;
				CURRENT_PROJECT_VERSION = 1;
				DEVELOPMENT_TEAM = M72945Z4N7;
				GENERATE_INFOPLIST_FILE = YES;
				INFOPLIST_FILE = MyApp/Info.plist;
				INFOPLIST_KEY_UIApplicationSupportsIndirectInputEvents = YES;
				INFOPLIST_KEY_UILaunchStoryboardName = LaunchScreen;
				INFOPLIST_KEY_UIMainStoryboardFile = Main;
				INFOPLIST_KEY_UISupportedInterfaceOrientations_iPad = "UIInterfaceOrientationPortrait UIInterfaceOrientationPortraitUpsideDown UIInterfaceOrientationLandscapeLeft UIInterfaceOrientationLandscapeRight";
				INFOPLIST_KEY_UISupportedInterfaceOrientations_iPhone = "UIInterfaceOrientationPortrait UIInterfaceOrientationLandscapeLeft UIInterfaceOrientationLandscapeRight";
				IPHONEOS_DEPLOYMENT_TARGET = 15.0;
				LD_RUNPATH_SEARCH_PATHS = (
					"$(inherited)",
					"@executable_path/Frameworks",
				);
				MARKETING_VERSION = 1.0;
				PRODUCT_BUNDLE_IDENTIFIER = com.nwingshadow.MyApp;
				PRODUCT_NAME = "$(TARGET_NAME)";
				SWIFT_EMIT_LOC_STRINGS = YES;
				SWIFT_VERSION = 5.0;
				TARGETED_DEVICE_FAMILY = "1,2";
			};
			name = Release;
		};
/* End XCBuildConfiguration section */

/* Begin XCConfigurationList section */
		09FDACBE28F2F5E40011E6A3 /* Build configuration list for PBXProject "MyApp" */ = {
			isa = XCConfigurationList;
			buildConfigurations = (
				09FDACD828F2F5EB0011E6A3 /* Debug */,
				098A964F28F309D40008CB2D /* Develop */,
				09FDACD928F2F5EB0011E6A3 /* Release */,
				098A964D28F309C10008CB2D /* Production */,
				098A965728F30D9C0008CB2D /* QA */,
			);
			defaultConfigurationIsVisible = 0;
			defaultConfigurationName = Production;
		};
		09FDACDA28F2F5EB0011E6A3 /* Build configuration list for PBXNativeTarget "MyApp" */ = {
			isa = XCConfigurationList;
			buildConfigurations = (
				09FDACDB28F2F5EB0011E6A3 /* Debug */,
				098A965028F309D40008CB2D /* Develop */,
				09FDACDC28F2F5EB0011E6A3 /* Release */,
				098A964E28F309C20008CB2D /* Production */,
				098A965828F30D9C0008CB2D /* QA */,
			);
			defaultConfigurationIsVisible = 0;
			defaultConfigurationName = Production;
		};
/* End XCConfigurationList section */

/* Begin XCRemoteSwiftPackageReference section */
		096EE3562904014E00DB82E3 /* XCRemoteSwiftPackageReference "firebase-ios-sdk" */ = {
			isa = XCRemoteSwiftPackageReference;
			repositoryURL = "https://github.com/firebase/firebase-ios-sdk";
			requirement = {
				branch = master;
				kind = branch;
			};
		};
/* End XCRemoteSwiftPackageReference section */

/* Begin XCSwiftPackageProductDependency section */
		096EE3572904014E00DB82E3 /* FirebaseAnalytics */ = {
			isa = XCSwiftPackageProductDependency;
			package = 096EE3562904014E00DB82E3 /* XCRemoteSwiftPackageReference "firebase-ios-sdk" */;
			productName = FirebaseAnalytics;
		};
		096EE3592904014E00DB82E3 /* FirebaseAnalyticsOnDeviceConversion */ = {
			isa = XCSwiftPackageProductDependency;
			package = 096EE3562904014E00DB82E3 /* XCRemoteSwiftPackageReference "firebase-ios-sdk" */;
			productName = FirebaseAnalyticsOnDeviceConversion;
		};
		096EE35B2904014E00DB82E3 /* FirebaseAnalyticsSwift */ = {
			isa = XCSwiftPackageProductDependency;
			package = 096EE3562904014E00DB82E3 /* XCRemoteSwiftPackageReference "firebase-ios-sdk" */;
			productName = FirebaseAnalyticsSwift;
		};
		096EE35D2904014E00DB82E3 /* FirebaseAnalyticsWithoutAdIdSupport */ = {
			isa = XCSwiftPackageProductDependency;
			package = 096EE3562904014E00DB82E3 /* XCRemoteSwiftPackageReference "firebase-ios-sdk" */;
			productName = FirebaseAnalyticsWithoutAdIdSupport;
		};
		096EE35F2904014E00DB82E3 /* FirebaseAppCheck */ = {
			isa = XCSwiftPackageProductDependency;
			package = 096EE3562904014E00DB82E3 /* XCRemoteSwiftPackageReference "firebase-ios-sdk" */;
			productName = FirebaseAppCheck;
		};
		096EE3612904014E00DB82E3 /* FirebaseAppDistribution-Beta */ = {
			isa = XCSwiftPackageProductDependency;
			package = 096EE3562904014E00DB82E3 /* XCRemoteSwiftPackageReference "firebase-ios-sdk" */;
			productName = "FirebaseAppDistribution-Beta";
		};
		096EE3632904014E00DB82E3 /* FirebaseAuth */ = {
			isa = XCSwiftPackageProductDependency;
			package = 096EE3562904014E00DB82E3 /* XCRemoteSwiftPackageReference "firebase-ios-sdk" */;
			productName = FirebaseAuth;
		};
		096EE3652904014E00DB82E3 /* FirebaseAuthCombine-Community */ = {
			isa = XCSwiftPackageProductDependency;
			package = 096EE3562904014E00DB82E3 /* XCRemoteSwiftPackageReference "firebase-ios-sdk" */;
			productName = "FirebaseAuthCombine-Community";
		};
		096EE3672904014E00DB82E3 /* FirebaseCrashlytics */ = {
			isa = XCSwiftPackageProductDependency;
			package = 096EE3562904014E00DB82E3 /* XCRemoteSwiftPackageReference "firebase-ios-sdk" */;
			productName = FirebaseCrashlytics;
		};
		096EE3692904014E00DB82E3 /* FirebaseDatabase */ = {
			isa = XCSwiftPackageProductDependency;
			package = 096EE3562904014E00DB82E3 /* XCRemoteSwiftPackageReference "firebase-ios-sdk" */;
			productName = FirebaseDatabase;
		};
		096EE36B2904014E00DB82E3 /* FirebaseDatabaseSwift */ = {
			isa = XCSwiftPackageProductDependency;
			package = 096EE3562904014E00DB82E3 /* XCRemoteSwiftPackageReference "firebase-ios-sdk" */;
			productName = FirebaseDatabaseSwift;
		};
		096EE36D2904014E00DB82E3 /* FirebaseDynamicLinks */ = {
			isa = XCSwiftPackageProductDependency;
			package = 096EE3562904014E00DB82E3 /* XCRemoteSwiftPackageReference "firebase-ios-sdk" */;
			productName = FirebaseDynamicLinks;
		};
		096EE36F2904014E00DB82E3 /* FirebaseFirestore */ = {
			isa = XCSwiftPackageProductDependency;
			package = 096EE3562904014E00DB82E3 /* XCRemoteSwiftPackageReference "firebase-ios-sdk" */;
			productName = FirebaseFirestore;
		};
		096EE3712904014E00DB82E3 /* FirebaseFirestoreCombine-Community */ = {
			isa = XCSwiftPackageProductDependency;
			package = 096EE3562904014E00DB82E3 /* XCRemoteSwiftPackageReference "firebase-ios-sdk" */;
			productName = "FirebaseFirestoreCombine-Community";
		};
		096EE3732904014E00DB82E3 /* FirebaseFirestoreSwift */ = {
			isa = XCSwiftPackageProductDependency;
			package = 096EE3562904014E00DB82E3 /* XCRemoteSwiftPackageReference "firebase-ios-sdk" */;
			productName = FirebaseFirestoreSwift;
		};
		096EE3752904014E00DB82E3 /* FirebaseFunctions */ = {
			isa = XCSwiftPackageProductDependency;
			package = 096EE3562904014E00DB82E3 /* XCRemoteSwiftPackageReference "firebase-ios-sdk" */;
			productName = FirebaseFunctions;
		};
		096EE3772904014E00DB82E3 /* FirebaseFunctionsCombine-Community */ = {
			isa = XCSwiftPackageProductDependency;
			package = 096EE3562904014E00DB82E3 /* XCRemoteSwiftPackageReference "firebase-ios-sdk" */;
			productName = "FirebaseFunctionsCombine-Community";
		};
		096EE3792904014E00DB82E3 /* FirebaseInAppMessaging-Beta */ = {
			isa = XCSwiftPackageProductDependency;
			package = 096EE3562904014E00DB82E3 /* XCRemoteSwiftPackageReference "firebase-ios-sdk" */;
			productName = "FirebaseInAppMessaging-Beta";
		};
		096EE37B2904014E00DB82E3 /* FirebaseInAppMessagingSwift-Beta */ = {
			isa = XCSwiftPackageProductDependency;
			package = 096EE3562904014E00DB82E3 /* XCRemoteSwiftPackageReference "firebase-ios-sdk" */;
			productName = "FirebaseInAppMessagingSwift-Beta";
		};
		096EE37D2904014E00DB82E3 /* FirebaseInstallations */ = {
			isa = XCSwiftPackageProductDependency;
			package = 096EE3562904014E00DB82E3 /* XCRemoteSwiftPackageReference "firebase-ios-sdk" */;
			productName = FirebaseInstallations;
		};
		096EE37F2904014E00DB82E3 /* FirebaseMLModelDownloader */ = {
			isa = XCSwiftPackageProductDependency;
			package = 096EE3562904014E00DB82E3 /* XCRemoteSwiftPackageReference "firebase-ios-sdk" */;
			productName = FirebaseMLModelDownloader;
		};
		096EE3812904014E00DB82E3 /* FirebaseMessaging */ = {
			isa = XCSwiftPackageProductDependency;
			package = 096EE3562904014E00DB82E3 /* XCRemoteSwiftPackageReference "firebase-ios-sdk" */;
			productName = FirebaseMessaging;
		};
		096EE3832904014E00DB82E3 /* FirebasePerformance */ = {
			isa = XCSwiftPackageProductDependency;
			package = 096EE3562904014E00DB82E3 /* XCRemoteSwiftPackageReference "firebase-ios-sdk" */;
			productName = FirebasePerformance;
		};
		096EE3852904014E00DB82E3 /* FirebaseRemoteConfig */ = {
			isa = XCSwiftPackageProductDependency;
			package = 096EE3562904014E00DB82E3 /* XCRemoteSwiftPackageReference "firebase-ios-sdk" */;
			productName = FirebaseRemoteConfig;
		};
		096EE3872904014E00DB82E3 /* FirebaseRemoteConfigSwift */ = {
			isa = XCSwiftPackageProductDependency;
			package = 096EE3562904014E00DB82E3 /* XCRemoteSwiftPackageReference "firebase-ios-sdk" */;
			productName = FirebaseRemoteConfigSwift;
		};
		096EE3892904014E00DB82E3 /* FirebaseStorage */ = {
			isa = XCSwiftPackageProductDependency;
			package = 096EE3562904014E00DB82E3 /* XCRemoteSwiftPackageReference "firebase-ios-sdk" */;
			productName = FirebaseStorage;
		};
		096EE38B2904014E00DB82E3 /* FirebaseStorageCombine-Community */ = {
			isa = XCSwiftPackageProductDependency;
			package = 096EE3562904014E00DB82E3 /* XCRemoteSwiftPackageReference "firebase-ios-sdk" */;
			productName = "FirebaseStorageCombine-Community";
		};
/* End XCSwiftPackageProductDependency section */

/* Begin XCVersionGroup section */
		09FDACCF28F2F5E40011E6A3 /* MyApp.xcdatamodeld */ = {
			isa = XCVersionGroup;
			children = (
				09FDACD028F2F5E40011E6A3 /* MyApp.xcdatamodel */,
			);
			currentVersion = 09FDACD028F2F5E40011E6A3 /* MyApp.xcdatamodel */;
			path = MyApp.xcdatamodeld;
			sourceTree = "<group>";
			versionGroupType = wrapper.xcdatamodel;
		};
/* End XCVersionGroup section */
	};
	rootObject = 09FDACBB28F2F5E40011E6A3 /* Project object */;
}
